{
  "requires": true,
  "lockfileVersion": 1,
  "dependencies": {
    "ag-grid-community": {
      "version": "22.1.1",
      "resolved": "https://registry.npmjs.org/ag-grid-community/-/ag-grid-community-22.1.1.tgz",
      "integrity": "sha512-FNyv9e9JIuuR8NNi/r3NjIjUVy2/K5GgPjwQ63g9/Z4U8EudQZLINGMVKI6OwtZfWyyNSd0hQDCNsdvx0OR1WQ=="
    }
  }
}
